// !$*UTF8*$!
{
	archiveVersion = 1;
	classes = {
	};
	objectVersion = 50;
	objects = {

/* Begin PBXBuildFile section */
		422D09242477D51C00F77982 /* CatViewController.swift in Sources */ = {isa = PBXBuildFile; fileRef = 422D09232477D51C00F77982 /* CatViewController.swift */; };
		425177342473C9210089DA3C /* AppDelegate.swift in Sources */ = {isa = PBXBuildFile; fileRef = 425177332473C9210089DA3C /* AppDelegate.swift */; };
		425177362473C9210089DA3C /* SceneDelegate.swift in Sources */ = {isa = PBXBuildFile; fileRef = 425177352473C9210089DA3C /* SceneDelegate.swift */; };
		425177382473C9210089DA3C /* CatChooserController.swift in Sources */ = {isa = PBXBuildFile; fileRef = 425177372473C9210089DA3C /* CatChooserController.swift */; };
		4251773B2473C9210089DA3C /* Main.storyboard in Resources */ = {isa = PBXBuildFile; fileRef = 425177392473C9210089DA3C /* Main.storyboard */; };
		4251773D2473C9220089DA3C /* Assets.xcassets in Resources */ = {isa = PBXBuildFile; fileRef = 4251773C2473C9220089DA3C /* Assets.xcassets */; };
		425177402473C9220089DA3C /* LaunchScreen.storyboard in Resources */ = {isa = PBXBuildFile; fileRef = 4251773E2473C9220089DA3C /* LaunchScreen.storyboard */; };
		425177552473E28B0089DA3C /* image.xcassets in Resources */ = {isa = PBXBuildFile; fileRef = 425177542473E28B0089DA3C /* image.xcassets */; };
		425177592473E3960089DA3C /* Media.xcassets in Resources */ = {isa = PBXBuildFile; fileRef = 425177582473E3960089DA3C /* Media.xcassets */; };
/* End PBXBuildFile section */

/* Begin PBXFileReference section */
		422D09232477D51C00F77982 /* CatViewController.swift */ = {isa = PBXFileReference; lastKnownFileType = sourcecode.swift; path = CatViewController.swift; sourceTree = "<group>"; };
		425177302473C9210089DA3C /* CheerApp.app */ = {isa = PBXFileReference; explicitFileType = wrapper.application; includeInIndex = 0; path = CheerApp.app; sourceTree = BUILT_PRODUCTS_DIR; };
		425177332473C9210089DA3C /* AppDelegate.swift */ = {isa = PBXFileReference; lastKnownFileType = sourcecode.swift; path = AppDelegate.swift; sourceTree = "<group>"; };
		425177352473C9210089DA3C /* SceneDelegate.swift */ = {isa = PBXFileReference; lastKnownFileType = sourcecode.swift; path = SceneDelegate.swift; sourceTree = "<group>"; };
		425177372473C9210089DA3C /* CatChooserController.swift */ = {isa = PBXFileReference; lastKnownFileType = sourcecode.swift; path = CatChooserController.swift; sourceTree = "<group>"; };
		4251773A2473C9210089DA3C /* Base */ = {isa = PBXFileReference; lastKnownFileType = file.storyboard; name = Base; path = Base.lproj/Main.storyboard; sourceTree = "<group>"; };
		4251773C2473C9220089DA3C /* Assets.xcassets */ = {isa = PBXFileReference; lastKnownFileType = folder.assetcatalog; path = Assets.xcassets; sourceTree = "<group>"; };
		4251773F2473C9220089DA3C /* Base */ = {isa = PBXFileReference; lastKnownFileType = file.storyboard; name = Base; path = Base.lproj/LaunchScreen.storyboard; sourceTree = "<group>"; };
		425177412473C9220089DA3C /* Info.plist */ = {isa = PBXFileReference; lastKnownFileType = text.plist.xml; path = Info.plist; sourceTree = "<group>"; };
		425177542473E28B0089DA3C /* image.xcassets */ = {isa = PBXFileReference; lastKnownFileType = folder.assetcatalog; path = image.xcassets; sourceTree = "<group>"; };
		425177582473E3960089DA3C /* Media.xcassets */ = {isa = PBXFileReference; lastKnownFileType = folder.assetcatalog; path = Media.xcassets; sourceTree = "<group>"; };
/* End PBXFileReference section */

/* Begin PBXFrameworksBuildPhase section */
		4251772D2473C9210089DA3C /* Frameworks */ = {
			isa = PBXFrameworksBuildPhase;
			buildActionMask = 2147483647;
			files = (
			);
			runOnlyForDeploymentPostprocessing = 0;
		};
/* End PBXFrameworksBuildPhase section */

/* Begin PBXGroup section */
		425177272473C9210089DA3C = {
			isa = PBXGroup;
			children = (
				425177322473C9210089DA3C /* CheerApp */,
				425177312473C9210089DA3C /* Products */,
			);
			sourceTree = "<group>";
		};
		425177312473C9210089DA3C /* Products */ = {
			isa = PBXGroup;
			children = (
				425177302473C9210089DA3C /* CheerApp.app */,
			);
			name = Products;
			sourceTree = "<group>";
		};
		425177322473C9210089DA3C /* CheerApp */ = {
			isa = PBXGroup;
			children = (
				425177332473C9210089DA3C /* AppDelegate.swift */,
				425177352473C9210089DA3C /* SceneDelegate.swift */,
				425177372473C9210089DA3C /* CatChooserController.swift */,
				425177392473C9210089DA3C /* Main.storyboard */,
				4251773C2473C9220089DA3C /* Assets.xcassets */,
				4251773E2473C9220089DA3C /* LaunchScreen.storyboard */,
				425177412473C9220089DA3C /* Info.plist */,
				425177542473E28B0089DA3C /* image.xcassets */,
				425177582473E3960089DA3C /* Media.xcassets */,
				422D09232477D51C00F77982 /* CatViewController.swift */,
			);
			path = CheerApp;
			sourceTree = "<group>";
		};
/* End PBXGroup section */

/* Begin PBXNativeTarget section */
		4251772F2473C9210089DA3C /* CheerApp */ = {
			isa = PBXNativeTarget;
			buildConfigurationList = 425177442473C9220089DA3C /* Build configuration list for PBXNativeTarget "CheerApp" */;
			buildPhases = (
				4251772C2473C9210089DA3C /* Sources */,
				4251772D2473C9210089DA3C /* Frameworks */,
				4251772E2473C9210089DA3C /* Resources */,
			);
			buildRules = (
			);
			dependencies = (
			);
			name = CheerApp;
			productName = CheerApp;
			productReference = 425177302473C9210089DA3C /* CheerApp.app */;
			productType = "com.apple.product-type.application";
		};
/* End PBXNativeTarget section */

/* Begin PBXProject section */
		425177282473C9210089DA3C /* Project object */ = {
			isa = PBXProject;
			attributes = {
				LastSwiftUpdateCheck = 1140;
				LastUpgradeCheck = 1140;
				ORGANIZATIONNAME = Lisa;
				TargetAttributes = {
					4251772F2473C9210089DA3C = {
						CreatedOnToolsVersion = 11.4.1;
					};
				};
			};
			buildConfigurationList = 4251772B2473C9210089DA3C /* Build configuration list for PBXProject "CheerApp" */;
			compatibilityVersion = "Xcode 9.3";
			developmentRegion = en;
			hasScannedForEncodings = 0;
			knownRegions = (
				en,
				Base,
			);
			mainGroup = 425177272473C9210089DA3C;
			productRefGroup = 425177312473C9210089DA3C /* Products */;
			projectDirPath = "";
			projectRoot = "";
			targets = (
				4251772F2473C9210089DA3C /* CheerApp */,
			);
		};
/* End PBXProject section */

/* Begin PBXResourcesBuildPhase section */
		4251772E2473C9210089DA3C /* Resources */ = {
			isa = PBXResourcesBuildPhase;
			buildActionMask = 2147483647;
			files = (
				425177402473C9220089DA3C /* LaunchScreen.storyboard in Resources */,
				425177592473E3960089DA3C /* Media.xcassets in Resources */,
				4251773D2473C9220089DA3C /* Assets.xcassets in Resources */,
				425177552473E28B0089DA3C /* image.xcassets in Resources */,
				4251773B2473C9210089DA3C /* Main.storyboard in Resources */,
			);
			runOnlyForDeploymentPostprocessing = 0;
		};
/* End PBXResourcesBuildPhase section */

/* Begin PBXSourcesBuildPhase section */
		4251772C2473C9210089DA3C /* Sources */ = {
			isa = PBXSourcesBuildPhase;
			buildActionMask = 2147483647;
			files = (
				425177382473C9210089DA3C /* CatChooserController.swift in Sources */,
				422D09242477D51C00F77982 /* CatViewController.swift in Sources */,
				425177342473C9210089DA3C /* AppDelegate.swift in Sources */,
				425177362473C9210089DA3C /* SceneDelegate.swift in Sources */,
			);
			runOnlyForDeploymentPostprocessing = 0;
		};
/* End PBXSourcesBuildPhase section */

/* Begin PBXVariantGroup section */
		425177392473C9210089DA3C /* Main.storyboard */ = {
			isa = PBXVariantGroup;
			children = (
				4251773A2473C9210089DA3C /* Base */,
			);
			name = Main.storyboard;
			sourceTree = "<group>";
		};
		4251773E2473C9220089DA3C /* LaunchScreen.storyboard */ = {
			isa = PBXVariantGroup;
			children = (
				4251773F2473C9220089DA3C /* Base */,
			);
			name = LaunchScreen.storyboard;
			sourceTree = "<group>";
		};
/* End PBXVariantGroup section */

/* Begin XCBuildConfiguration section */
		425177422473C9220089DA3C /* Debug */ = {
			isa = XCBuildConfiguration;
			buildSettings = {
				ALWAYS_SEARCH_USER_PATHS = NO;
				CLANG_ANALYZER_NONNULL = YES;
				CLANG_ANALYZER_NUMBER_OBJECT_CONVERSION = YES_AGGRESSIVE;
				CLANG_CXX_LANGUAGE_STANDARD = "gnu++14";
				CLANG_CXX_LIBRARY = "libc++";
				CLANG_ENABLE_MODULES = YES;
				CLANG_ENABLE_OBJC_ARC = YES;
				CLANG_ENABLE_OBJC_WEAK = YES;
				CLANG_WARN_BLOCK_CAPTURE_AUTORELEASING = YES;
				CLANG_WARN_BOOL_CONVERSION = YES;
				CLANG_WARN_COMMA = YES;
				CLANG_WARN_CONSTANT_CONVERSION = YES;
				CLANG_WARN_DEPRECATED_OBJC_IMPLEMENTATIONS = YES;
				CLANG_WARN_DIRECT_OBJC_ISA_USAGE = YES_ERROR;
				CLANG_WARN_DOCUMENTATION_COMMENTS = YES;
				CLANG_WARN_EMPTY_BODY = YES;
				CLANG_WARN_ENUM_CONVERSION = YES;
				CLANG_WARN_INFINITE_RECURSION = YES;
				CLANG_WARN_INT_CONVERSION = YES;
				CLANG_WARN_NON_LITERAL_NULL_CONVERSION = YES;
				CLANG_WARN_OBJC_IMPLICIT_RETAIN_SELF = YES;
				CLANG_WARN_OBJC_LITERAL_CONVERSION = YES;
				CLANG_WARN_OBJC_ROOT_CLASS = YES_ERROR;
				CLANG_WARN_RANGE_LOOP_ANALYSIS = YES;
				CLANG_WARN_STRICT_PROTOTYPES = YES;
				CLANG_WARN_SUSPICIOUS_MOVE = YES;
				CLANG_WARN_UNGUARDED_AVAILABILITY = YES_AGGRESSIVE;
				CLANG_WARN_UNREACHABLE_CODE = YES;
				CLANG_WARN__DUPLICATE_METHOD_MATCH = YES;
				COPY_PHASE_STRIP = NO;
				DEBUG_INFORMATION_FORMAT = dwarf;
				ENABLE_STRICT_OBJC_MSGSEND = YES;
				ENABLE_TESTABILITY = YES;
				GCC_C_LANGUAGE_STANDARD = gnu11;
				GCC_DYNAMIC_NO_PIC = NO;
				GCC_NO_COMMON_BLOCKS = YES;
				GCC_OPTIMIZATION_LEVEL = 0;
				GCC_PREPROCESSOR_DEFINITIONS = (
					"DEBUG=1",
					"$(inherited)",
				);
				GCC_WARN_64_TO_32_BIT_CONVERSION = YES;
				GCC_WARN_ABOUT_RETURN_TYPE = YES_ERROR;
				GCC_WARN_UNDECLARED_SELECTOR = YES;
				GCC_WARN_UNINITIALIZED_AUTOS = YES_AGGRESSIVE;
				GCC_WARN_UNUSED_FUNCTION = YES;
				GCC_WARN_UNUSED_VARIABLE = YES;
				IPHONEOS_DEPLOYMENT_TARGET = 13.4;
				MTL_ENABLE_DEBUG_INFO = INCLUDE_SOURCE;
				MTL_FAST_MATH = YES;
				ONLY_ACTIVE_ARCH = YES;
				SDKROOT = iphoneos;
				SWIFT_ACTIVE_COMPILATION_CONDITIONS = DEBUG;
				SWIFT_OPTIMIZATION_LEVEL = "-Onone";
			};
			name = Debug;
		};
		425177432473C9220089DA3C /* Release */ = {
			isa = XCBuildConfiguration;
			buildSettings = {
				ALWAYS_SEARCH_USER_PATHS = NO;
				CLANG_ANALYZER_NONNULL = YES;
				CLANG_ANALYZER_NUMBER_OBJECT_CONVERSION = YES_AGGRESSIVE;
				CLANG_CXX_LANGUAGE_STANDARD = "gnu++14";
				CLANG_CXX_LIBRARY = "libc++";
				CLANG_ENABLE_MODULES = YES;
				CLANG_ENABLE_OBJC_ARC = YES;
				CLANG_ENABLE_OBJC_WEAK = YES;
				CLANG_WARN_BLOCK_CAPTURE_AUTORELEASING = YES;
				CLANG_WARN_BOOL_CONVERSION = YES;
				CLANG_WARN_COMMA = YES;
				CLANG_WARN_CONSTANT_CONVERSION = YES;
				CLANG_WARN_DEPRECATED_OBJC_IMPLEMENTATIONS = YES;
				CLANG_WARN_DIRECT_OBJC_ISA_USAGE = YES_ERROR;
				CLANG_WARN_DOCUMENTATION_COMMENTS = YES;
				CLANG_WARN_EMPTY_BODY = YES;
				CLANG_WARN_ENUM_CONVERSION = YES;
				CLANG_WARN_INFINITE_RECURSION = YES;
				CLANG_WARN_INT_CONVERSION = YES;
				CLANG_WARN_NON_LITERAL_NULL_CONVERSION = YES;
				CLANG_WARN_OBJC_IMPLICIT_RETAIN_SELF = YES;
				CLANG_WARN_OBJC_LITERAL_CONVERSION = YES;
				CLANG_WARN_OBJC_ROOT_CLASS = YES_ERROR;
				CLANG_WARN_RANGE_LOOP_ANALYSIS = YES;
				CLANG_WARN_STRICT_PROTOTYPES = YES;
				CLANG_WARN_SUSPICIOUS_MOVE = YES;
				CLANG_WARN_UNGUARDED_AVAILABILITY = YES_AGGRESSIVE;
				CLANG_WARN_UNREACHABLE_CODE = YES;
				CLANG_WARN__DUPLICATE_METHOD_MATCH = YES;
				COPY_PHASE_STRIP = NO;
				DEBUG_INFORMATION_FORMAT = "dwarf-with-dsym";
				ENABLE_NS_ASSERTIONS = NO;
				ENABLE_STRICT_OBJC_MSGSEND = YES;
				GCC_C_LANGUAGE_STANDARD = gnu11;
				GCC_NO_COMMON_BLOCKS = YES;
				GCC_WARN_64_TO_32_BIT_CONVERSION = YES;
				GCC_WARN_ABOUT_RETURN_TYPE = YES_ERROR;
				GCC_WARN_UNDECLARED_SELECTOR = YES;
				GCC_WARN_UNINITIALIZED_AUTOS = YES_AGGRESSIVE;
				GCC_WARN_UNUSED_FUNCTION = YES;
				GCC_WARN_UNUSED_VARIABLE = YES;
				IPHONEOS_DEPLOYMENT_TARGET = 13.4;
				MTL_ENABLE_DEBUG_INFO = NO;
				MTL_FAST_MATH = YES;
				SDKROOT = iphoneos;
				SWIFT_COMPILATION_MODE = wholemodule;
				SWIFT_OPTIMIZATION_LEVEL = "-O";
				VALIDATE_PRODUCT = YES;
			};
			name = Release;
		};
		425177452473C9220089DA3C /* Debug */ = {
			isa = XCBuildConfiguration;
			buildSettings = {
				ASSETCATALOG_COMPILER_APPICON_NAME = AppIcon;
				CODE_SIGN_STYLE = Automatic;
				INFOPLIST_FILE = CheerApp/Info.plist;
				LD_RUNPATH_SEARCH_PATHS = (
					"$(inherited)",
					"@executable_path/Frameworks",
				);
				PRODUCT_BUNDLE_IDENTIFIER = se.gillfrost.CheerApp;
				PRODUCT_NAME = "$(TARGET_NAME)";
				SWIFT_VERSION = 5.0;
				TARGETED_DEVICE_FAMILY = "1,2";
			};
			name = Debug;
		};
		425177462473C9220089DA3C /* Release */ = {
			isa = XCBuildConfiguration;
			buildSettings = {
				ASSETCATALOG_COMPILER_APPICON_NAME = AppIcon;
				CODE_SIGN_STYLE = Automatic;
				INFOPLIST_FILE = CheerApp/Info.plist;
				LD_RUNPATH_SEARCH_PATHS = (
					"$(inherited)",
					"@executable_path/Frameworks",
				);
				PRODUCT_BUNDLE_IDENTIFIER = se.gillfrost.CheerApp;
				PRODUCT_NAME = "$(TARGET_NAME)";
				SWIFT_VERSION = 5.0;
				TARGETED_DEVICE_FAMILY = "1,2";
			};
			name = Release;
		};
/* End XCBuildConfiguration section */

/* Begin XCConfigurationList section */
		4251772B2473C9210089DA3C /* Build configuration list for PBXProject "CheerApp" */ = {
			isa = XCConfigurationList;
			buildConfigurations = (
				425177422473C9220089DA3C /* Debug */,
				425177432473C9220089DA3C /* Release */,
			);
			defaultConfigurationIsVisible = 0;
			defaultConfigurationName = Release;
		};
		425177442473C9220089DA3C /* Build configuration list for PBXNativeTarget "CheerApp" */ = {
			isa = XCConfigurationList;
			buildConfigurations = (
				425177452473C9220089DA3C /* Debug */,
				425177462473C9220089DA3C /* Release */,
			);
			defaultConfigurationIsVisible = 0;
			defaultConfigurationName = Release;
		};
/* End XCConfigurationList section */
	};
	rootObject = 425177282473C9210089DA3C /* Project object */;
}
